
Microsoft Visual Studio Solution File, Format Version 11.00
# Visual Studio 2010
Project("{FAE04EC0-301F-11D3-BF4B-00C04F79EFBC}") = "Lucrare_Atestat", "Lucrare_Atestat\Lucrare_Atestat.csproj", "{882988E3-C39D-413B-AC57-3E5629CD309C}"
EndProject
Global
	GlobalSection(SolutionConfigurationPlatforms) = preSolution
		Debug|x86 = Debug|x86
		Release|x86 = Release|x86
	EndGlobalSection
	GlobalSection(ProjectConfigurationPlatforms) = postSolution
		{882988E3-C39D-413B-AC57-3E5629CD309C}.Debug|x86.ActiveCfg = Debug|x86
		{882988E3-C39D-413B-AC57-3E5629CD309C}.Debug|x86.Build.0 = Debug|x86
		{882988E3-C39D-413B-AC57-3E5629CD309C}.Release|x86.ActiveCfg = Release|x86
		{882988E3-C39D-413B-AC57-3E5629CD309C}.Release|x86.Build.0 = Release|x86
	EndGlobalSection
	GlobalSection(SolutionProperties) = preSolution
		HideSolutionNode = FALSE
	EndGlobalSection
EndGlobal
